
Microsoft Visual Studio Solution File, Format Version 12.00
# Visual Studio Version 16
VisualStudioVersion = 16.0.30413.136
MinimumVisualStudioVersion = 10.0.40219.1
Project("{FAE04EC0-301F-11D3-BF4B-00C04F79EFBC}") = "home_work_strings_c_sharp", "home_work_strings_c_sharp\home_work_strings_c_sharp.csproj", "{8DCA8CE9-0425-424C-BC50-12B5066564D3}"
EndProject
Global
	GlobalSection(SolutionConfigurationPlatforms) = preSolution
		Debug|Any CPU = Debug|Any CPU
		Release|Any CPU = Release|Any CPU
	EndGlobalSection
	GlobalSection(ProjectConfigurationPlatforms) = postSolution
		{8DCA8CE9-0425-424C-BC50-12B5066564D3}.Debug|Any CPU.ActiveCfg = Debug|Any CPU
		{8DCA8CE9-0425-424C-BC50-12B5066564D3}.Debug|Any CPU.Build.0 = Debug|Any CPU
		{8DCA8CE9-0425-424C-BC50-12B5066564D3}.Release|Any CPU.ActiveCfg = Release|Any CPU
		{8DCA8CE9-0425-424C-BC50-12B5066564D3}.Release|Any CPU.Build.0 = Release|Any CPU
	EndGlobalSection
	GlobalSection(SolutionProperties) = preSolution
		HideSolutionNode = FALSE
	EndGlobalSection
	GlobalSection(ExtensibilityGlobals) = postSolution
		SolutionGuid = {7334F3EE-82A6-40D1-93F7-E36DE53E8136}
	EndGlobalSection
EndGlobal
